// !$*UTF8*$!
{
	archiveVersion = 1;
	classes = {
	};
	objectVersion = 56;
	objects = {

/* Begin PBXBuildFile section */
		69921E652A2C4ACF001515C6 /* AppDelegate.swift in Sources */ = {isa = PBXBuildFile; fileRef = 69921E642A2C4ACF001515C6 /* AppDelegate.swift */; };
		69921E672A2C4ACF001515C6 /* SceneDelegate.swift in Sources */ = {isa = PBXBuildFile; fileRef = 69921E662A2C4ACF001515C6 /* SceneDelegate.swift */; };
		69921E692A2C4ACF001515C6 /* ViewController.swift in Sources */ = {isa = PBXBuildFile; fileRef = 69921E682A2C4ACF001515C6 /* ViewController.swift */; };
		69921E6C2A2C4ACF001515C6 /* Main.storyboard in Resources */ = {isa = PBXBuildFile; fileRef = 69921E6A2A2C4ACF001515C6 /* Main.storyboard */; };
		69921E6E2A2C4AD1001515C6 /* Assets.xcassets in Resources */ = {isa = PBXBuildFile; fileRef = 69921E6D2A2C4AD1001515C6 /* Assets.xcassets */; };
		69921E712A2C4AD1001515C6 /* LaunchScreen.storyboard in Resources */ = {isa = PBXBuildFile; fileRef = 69921E6F2A2C4AD1001515C6 /* LaunchScreen.storyboard */; };
		69921E7C2A2C4AD1001515C6 /* TableViewStudyTests.swift in Sources */ = {isa = PBXBuildFile; fileRef = 69921E7B2A2C4AD1001515C6 /* TableViewStudyTests.swift */; };
		69921E862A2C4AD1001515C6 /* TableViewStudyUITests.swift in Sources */ = {isa = PBXBuildFile; fileRef = 69921E852A2C4AD1001515C6 /* TableViewStudyUITests.swift */; };
		69921E882A2C4AD1001515C6 /* TableViewStudyUITestsLaunchTests.swift in Sources */ = {isa = PBXBuildFile; fileRef = 69921E872A2C4AD1001515C6 /* TableViewStudyUITestsLaunchTests.swift */; };
/* End PBXBuildFile section */

/* Begin PBXContainerItemProxy section */
		69921E782A2C4AD1001515C6 /* PBXContainerItemProxy */ = {
			isa = PBXContainerItemProxy;
			containerPortal = 69921E592A2C4ACF001515C6 /* Project object */;
			proxyType = 1;
			remoteGlobalIDString = 69921E602A2C4ACF001515C6;
			remoteInfo = TableViewStudy;
		};
		69921E822A2C4AD1001515C6 /* PBXContainerItemProxy */ = {
			isa = PBXContainerItemProxy;
			containerPortal = 69921E592A2C4ACF001515C6 /* Project object */;
			proxyType = 1;
			remoteGlobalIDString = 69921E602A2C4ACF001515C6;
			remoteInfo = TableViewStudy;
		};
/* End PBXContainerItemProxy section */

/* Begin PBXFileReference section */
		69921E612A2C4ACF001515C6 /* TableViewStudy.app */ = {isa = PBXFileReference; explicitFileType = wrapper.application; includeInIndex = 0; path = TableViewStudy.app; sourceTree = BUILT_PRODUCTS_DIR; };
		69921E642A2C4ACF001515C6 /* AppDelegate.swift */ = {isa = PBXFileReference; lastKnownFileType = sourcecode.swift; path = AppDelegate.swift; sourceTree = "<group>"; };
		69921E662A2C4ACF001515C6 /* SceneDelegate.swift */ = {isa = PBXFileReference; lastKnownFileType = sourcecode.swift; path = SceneDelegate.swift; sourceTree = "<group>"; };
		69921E682A2C4ACF001515C6 /* ViewController.swift */ = {isa = PBXFileReference; lastKnownFileType = sourcecode.swift; path = ViewController.swift; sourceTree = "<group>"; };
		69921E6B2A2C4ACF001515C6 /* Base */ = {isa = PBXFileReference; lastKnownFileType = file.storyboard; name = Base; path = Base.lproj/Main.storyboard; sourceTree = "<group>"; };
		69921E6D2A2C4AD1001515C6 /* Assets.xcassets */ = {isa = PBXFileReference; lastKnownFileType = folder.assetcatalog; path = Assets.xcassets; sourceTree = "<group>"; };
		69921E702A2C4AD1001515C6 /* Base */ = {isa = PBXFileReference; lastKnownFileType = file.storyboard; name = Base; path = Base.lproj/LaunchScreen.storyboard; sourceTree = "<group>"; };
		69921E722A2C4AD1001515C6 /* Info.plist */ = {isa = PBXFileReference; lastKnownFileType = text.plist.xml; path = Info.plist; sourceTree = "<group>"; };
		69921E772A2C4AD1001515C6 /* TableViewStudyTests.xctest */ = {isa = PBXFileReference; explicitFileType = wrapper.cfbundle; includeInIndex = 0; path = TableViewStudyTests.xctest; sourceTree = BUILT_PRODUCTS_DIR; };
		69921E7B2A2C4AD1001515C6 /* TableViewStudyTests.swift */ = {isa = PBXFileReference; lastKnownFileType = sourcecode.swift; path = TableViewStudyTests.swift; sourceTree = "<group>"; };
		69921E812A2C4AD1001515C6 /* TableViewStudyUITests.xctest */ = {isa = PBXFileReference; explicitFileType = wrapper.cfbundle; includeInIndex = 0; path = TableViewStudyUITests.xctest; sourceTree = BUILT_PRODUCTS_DIR; };
		69921E852A2C4AD1001515C6 /* TableViewStudyUITests.swift */ = {isa = PBXFileReference; lastKnownFileType = sourcecode.swift; path = TableViewStudyUITests.swift; sourceTree = "<group>"; };
		69921E872A2C4AD1001515C6 /* TableViewStudyUITestsLaunchTests.swift */ = {isa = PBXFileReference; lastKnownFileType = sourcecode.swift; path = TableViewStudyUITestsLaunchTests.swift; sourceTree = "<group>"; };
/* End PBXFileReference section */

/* Begin PBXFrameworksBuildPhase section */
		69921E5E2A2C4ACF001515C6 /* Frameworks */ = {
			isa = PBXFrameworksBuildPhase;
			buildActionMask = 2147483647;
			files = (
			);
			runOnlyForDeploymentPostprocessing = 0;
		};
		69921E742A2C4AD1001515C6 /* Frameworks */ = {
			isa = PBXFrameworksBuildPhase;
			buildActionMask = 2147483647;
			files = (
			);
			runOnlyForDeploymentPostprocessing = 0;
		};
		69921E7E2A2C4AD1001515C6 /* Frameworks */ = {
			isa = PBXFrameworksBuildPhase;
			buildActionMask = 2147483647;
			files = (
			);
			runOnlyForDeploymentPostprocessing = 0;
		};
/* End PBXFrameworksBuildPhase section */

/* Begin PBXGroup section */
		69921E582A2C4ACF001515C6 = {
			isa = PBXGroup;
			children = (
				69921E632A2C4ACF001515C6 /* TableViewStudy */,
				69921E7A2A2C4AD1001515C6 /* TableViewStudyTests */,
				69921E842A2C4AD1001515C6 /* TableViewStudyUITests */,
				69921E622A2C4ACF001515C6 /* Products */,
			);
			sourceTree = "<group>";
		};
		69921E622A2C4ACF001515C6 /* Products */ = {
			isa = PBXGroup;
			children = (
				69921E612A2C4ACF001515C6 /* TableViewStudy.app */,
				69921E772A2C4AD1001515C6 /* TableViewStudyTests.xctest */,
				69921E812A2C4AD1001515C6 /* TableViewStudyUITests.xctest */,
			);
			name = Products;
			sourceTree = "<group>";
		};
		69921E632A2C4ACF001515C6 /* TableViewStudy */ = {
			isa = PBXGroup;
			children = (
				69921E642A2C4ACF001515C6 /* AppDelegate.swift */,
				69921E662A2C4ACF001515C6 /* SceneDelegate.swift */,
				69921E682A2C4ACF001515C6 /* ViewController.swift */,
				69921E6A2A2C4ACF001515C6 /* Main.storyboard */,
				69921E6D2A2C4AD1001515C6 /* Assets.xcassets */,
				69921E6F2A2C4AD1001515C6 /* LaunchScreen.storyboard */,
				69921E722A2C4AD1001515C6 /* Info.plist */,
			);
			path = TableViewStudy;
			sourceTree = "<group>";
		};
		69921E7A2A2C4AD1001515C6 /* TableViewStudyTests */ = {
			isa = PBXGroup;
			children = (
				69921E7B2A2C4AD1001515C6 /* TableViewStudyTests.swift */,
			);
			path = TableViewStudyTests;
			sourceTree = "<group>";
		};
		69921E842A2C4AD1001515C6 /* TableViewStudyUITests */ = {
			isa = PBXGroup;
			children = (
				69921E852A2C4AD1001515C6 /* TableViewStudyUITests.swift */,
				69921E872A2C4AD1001515C6 /* TableViewStudyUITestsLaunchTests.swift */,
			);
			path = TableViewStudyUITests;
			sourceTree = "<group>";
		};
/* End PBXGroup section */

/* Begin PBXNativeTarget section */
		69921E602A2C4ACF001515C6 /* TableViewStudy */ = {
			isa = PBXNativeTarget;
			buildConfigurationList = 69921E8B2A2C4AD1001515C6 /* Build configuration list for PBXNativeTarget "TableViewStudy" */;
			buildPhases = (
				69921E5D2A2C4ACF001515C6 /* Sources */,
				69921E5E2A2C4ACF001515C6 /* Frameworks */,
				69921E5F2A2C4ACF001515C6 /* Resources */,
			);
			buildRules = (
			);
			dependencies = (
			);
			name = TableViewStudy;
			productName = TableViewStudy;
			productReference = 69921E612A2C4ACF001515C6 /* TableViewStudy.app */;
			productType = "com.apple.product-type.application";
		};
		69921E762A2C4AD1001515C6 /* TableViewStudyTests */ = {
			isa = PBXNativeTarget;
			buildConfigurationList = 69921E8E2A2C4AD1001515C6 /* Build configuration list for PBXNativeTarget "TableViewStudyTests" */;
			buildPhases = (
				69921E732A2C4AD1001515C6 /* Sources */,
				69921E742A2C4AD1001515C6 /* Frameworks */,
				69921E752A2C4AD1001515C6 /* Resources */,
			);
			buildRules = (
			);
			dependencies = (
				69921E792A2C4AD1001515C6 /* PBXTargetDependency */,
			);
			name = TableViewStudyTests;
			productName = TableViewStudyTests;
			productReference = 69921E772A2C4AD1001515C6 /* TableViewStudyTests.xctest */;
			productType = "com.apple.product-type.bundle.unit-test";
		};
		69921E802A2C4AD1001515C6 /* TableViewStudyUITests */ = {
			isa = PBXNativeTarget;
			buildConfigurationList = 69921E912A2C4AD1001515C6 /* Build configuration list for PBXNativeTarget "TableViewStudyUITests" */;
			buildPhases = (
				69921E7D2A2C4AD1001515C6 /* Sources */,
				69921E7E2A2C4AD1001515C6 /* Frameworks */,
				69921E7F2A2C4AD1001515C6 /* Resources */,
			);
			buildRules = (
			);
			dependencies = (
				69921E832A2C4AD1001515C6 /* PBXTargetDependency */,
			);
			name = TableViewStudyUITests;
			productName = TableViewStudyUITests;
			productReference = 69921E812A2C4AD1001515C6 /* TableViewStudyUITests.xctest */;
			productType = "com.apple.product-type.bundle.ui-testing";
		};
/* End PBXNativeTarget section */

/* Begin PBXProject section */
		69921E592A2C4ACF001515C6 /* Project object */ = {
			isa = PBXProject;
			attributes = {
				BuildIndependentTargetsInParallel = 1;
				LastSwiftUpdateCheck = 1430;
				LastUpgradeCheck = 1430;
				TargetAttributes = {
					69921E602A2C4ACF001515C6 = {
						CreatedOnToolsVersion = 14.3.1;
					};
					69921E762A2C4AD1001515C6 = {
						CreatedOnToolsVersion = 14.3.1;
						TestTargetID = 69921E602A2C4ACF001515C6;
					};
					69921E802A2C4AD1001515C6 = {
						CreatedOnToolsVersion = 14.3.1;
						TestTargetID = 69921E602A2C4ACF001515C6;
					};
				};
			};
			buildConfigurationList = 69921E5C2A2C4ACF001515C6 /* Build configuration list for PBXProject "TableViewStudy" */;
			compatibilityVersion = "Xcode 14.0";
			developmentRegion = en;
			hasScannedForEncodings = 0;
			knownRegions = (
				en,
				Base,
			);
			mainGroup = 69921E582A2C4ACF001515C6;
			productRefGroup = 69921E622A2C4ACF001515C6 /* Products */;
			projectDirPath = "";
			projectRoot = "";
			targets = (
				69921E602A2C4ACF001515C6 /* TableViewStudy */,
				69921E762A2C4AD1001515C6 /* TableViewStudyTests */,
				69921E802A2C4AD1001515C6 /* TableViewStudyUITests */,
			);
		};
/* End PBXProject section */

/* Begin PBXResourcesBuildPhase section */
		69921E5F2A2C4ACF001515C6 /* Resources */ = {
			isa = PBXResourcesBuildPhase;
			buildActionMask = 2147483647;
			files = (
				69921E712A2C4AD1001515C6 /* LaunchScreen.storyboard in Resources */,
				69921E6E2A2C4AD1001515C6 /* Assets.xcassets in Resources */,
				69921E6C2A2C4ACF001515C6 /* Main.storyboard in Resources */,
			);
			runOnlyForDeploymentPostprocessing = 0;
		};
		69921E752A2C4AD1001515C6 /* Resources */ = {
			isa = PBXResourcesBuildPhase;
			buildActionMask = 2147483647;
			files = (
			);
			runOnlyForDeploymentPostprocessing = 0;
		};
		69921E7F2A2C4AD1001515C6 /* Resources */ = {
			isa = PBXResourcesBuildPhase;
			buildActionMask = 2147483647;
			files = (
			);
			runOnlyForDeploymentPostprocessing = 0;
		};
/* End PBXResourcesBuildPhase section */

/* Begin PBXSourcesBuildPhase section */
		69921E5D2A2C4ACF001515C6 /* Sources */ = {
			isa = PBXSourcesBuildPhase;
			buildActionMask = 2147483647;
			files = (
				69921E692A2C4ACF001515C6 /* ViewController.swift in Sources */,
				69921E652A2C4ACF001515C6 /* AppDelegate.swift in Sources */,
				69921E672A2C4ACF001515C6 /* SceneDelegate.swift in Sources */,
			);
			runOnlyForDeploymentPostprocessing = 0;
		};
		69921E732A2C4AD1001515C6 /* Sources */ = {
			isa = PBXSourcesBuildPhase;
			buildActionMask = 2147483647;
			files = (
				69921E7C2A2C4AD1001515C6 /* TableViewStudyTests.swift in Sources */,
			);
			runOnlyForDeploymentPostprocessing = 0;
		};
		69921E7D2A2C4AD1001515C6 /* Sources */ = {
			isa = PBXSourcesBuildPhase;
			buildActionMask = 2147483647;
			files = (
				69921E882A2C4AD1001515C6 /* TableViewStudyUITestsLaunchTests.swift in Sources */,
				69921E862A2C4AD1001515C6 /* TableViewStudyUITests.swift in Sources */,
			);
			runOnlyForDeploymentPostprocessing = 0;
		};
/* End PBXSourcesBuildPhase section */

/* Begin PBXTargetDependency section */
		69921E792A2C4AD1001515C6 /* PBXTargetDependency */ = {
			isa = PBXTargetDependency;
			target = 69921E602A2C4ACF001515C6 /* TableViewStudy */;
			targetProxy = 69921E782A2C4AD1001515C6 /* PBXContainerItemProxy */;
		};
		69921E832A2C4AD1001515C6 /* PBXTargetDependency */ = {
			isa = PBXTargetDependency;
			target = 69921E602A2C4ACF001515C6 /* TableViewStudy */;
			targetProxy = 69921E822A2C4AD1001515C6 /* PBXContainerItemProxy */;
		};
/* End PBXTargetDependency section */

/* Begin PBXVariantGroup section */
		69921E6A2A2C4ACF001515C6 /* Main.storyboard */ = {
			isa = PBXVariantGroup;
			children = (
				69921E6B2A2C4ACF001515C6 /* Base */,
			);
			name = Main.storyboard;
			sourceTree = "<group>";
		};
		69921E6F2A2C4AD1001515C6 /* LaunchScreen.storyboard */ = {
			isa = PBXVariantGroup;
			children = (
				69921E702A2C4AD1001515C6 /* Base */,
			);
			name = LaunchScreen.storyboard;
			sourceTree = "<group>";
		};
/* End PBXVariantGroup section */

/* Begin XCBuildConfiguration section */
		69921E892A2C4AD1001515C6 /* Debug */ = {
			isa = XCBuildConfiguration;
			buildSettings = {
				ALWAYS_SEARCH_USER_PATHS = NO;
				CLANG_ANALYZER_NONNULL = YES;
				CLANG_ANALYZER_NUMBER_OBJECT_CONVERSION = YES_AGGRESSIVE;
				CLANG_CXX_LANGUAGE_STANDARD = "gnu++20";
				CLANG_ENABLE_MODULES = YES;
				CLANG_ENABLE_OBJC_ARC = YES;
				CLANG_ENABLE_OBJC_WEAK = YES;
				CLANG_WARN_BLOCK_CAPTURE_AUTORELEASING = YES;
				CLANG_WARN_BOOL_CONVERSION = YES;
				CLANG_WARN_COMMA = YES;
				CLANG_WARN_CONSTANT_CONVERSION = YES;
				CLANG_WARN_DEPRECATED_OBJC_IMPLEMENTATIONS = YES;
				CLANG_WARN_DIRECT_OBJC_ISA_USAGE = YES_ERROR;
				CLANG_WARN_DOCUMENTATION_COMMENTS = YES;
				CLANG_WARN_EMPTY_BODY = YES;
				CLANG_WARN_ENUM_CONVERSION = YES;
				CLANG_WARN_INFINITE_RECURSION = YES;
				CLANG_WARN_INT_CONVERSION = YES;
				CLANG_WARN_NON_LITERAL_NULL_CONVERSION = YES;
				CLANG_WARN_OBJC_IMPLICIT_RETAIN_SELF = YES;
				CLANG_WARN_OBJC_LITERAL_CONVERSION = YES;
				CLANG_WARN_OBJC_ROOT_CLASS = YES_ERROR;
				CLANG_WARN_QUOTED_INCLUDE_IN_FRAMEWORK_HEADER = YES;
				CLANG_WARN_RANGE_LOOP_ANALYSIS = YES;
				CLANG_WARN_STRICT_PROTOTYPES = YES;
				CLANG_WARN_SUSPICIOUS_MOVE = YES;
				CLANG_WARN_UNGUARDED_AVAILABILITY = YES_AGGRESSIVE;
				CLANG_WARN_UNREACHABLE_CODE = YES;
				CLANG_WARN__DUPLICATE_METHOD_MATCH = YES;
				COPY_PHASE_STRIP = NO;
				DEBUG_INFORMATION_FORMAT = dwarf;
				ENABLE_STRICT_OBJC_MSGSEND = YES;
				ENABLE_TESTABILITY = YES;
				GCC_C_LANGUAGE_STANDARD = gnu11;
				GCC_DYNAMIC_NO_PIC = NO;
				GCC_NO_COMMON_BLOCKS = YES;
				GCC_OPTIMIZATION_LEVEL = 0;
				GCC_PREPROCESSOR_DEFINITIONS = (
					"DEBUG=1",
					"$(inherited)",
				);
				GCC_WARN_64_TO_32_BIT_CONVERSION = YES;
				GCC_WARN_ABOUT_RETURN_TYPE = YES_ERROR;
				GCC_WARN_UNDECLARED_SELECTOR = YES;
				GCC_WARN_UNINITIALIZED_AUTOS = YES_AGGRESSIVE;
				GCC_WARN_UNUSED_FUNCTION = YES;
				GCC_WARN_UNUSED_VARIABLE = YES;
				IPHONEOS_DEPLOYMENT_TARGET = 16.4;
				MTL_ENABLE_DEBUG_INFO = INCLUDE_SOURCE;
				MTL_FAST_MATH = YES;
				ONLY_ACTIVE_ARCH = YES;
				SDKROOT = iphoneos;
				SWIFT_ACTIVE_COMPILATION_CONDITIONS = DEBUG;
				SWIFT_OPTIMIZATION_LEVEL = "-Onone";
			};
			name = Debug;
		};
		69921E8A2A2C4AD1001515C6 /* Release */ = {
			isa = XCBuildConfiguration;
			buildSettings = {
				ALWAYS_SEARCH_USER_PATHS = NO;
				CLANG_ANALYZER_NONNULL = YES;
				CLANG_ANALYZER_NUMBER_OBJECT_CONVERSION = YES_AGGRESSIVE;
				CLANG_CXX_LANGUAGE_STANDARD = "gnu++20";
				CLANG_ENABLE_MODULES = YES;
				CLANG_ENABLE_OBJC_ARC = YES;
				CLANG_ENABLE_OBJC_WEAK = YES;
				CLANG_WARN_BLOCK_CAPTURE_AUTORELEASING = YES;
				CLANG_WARN_BOOL_CONVERSION = YES;
				CLANG_WARN_COMMA = YES;
				CLANG_WARN_CONSTANT_CONVERSION = YES;
				CLANG_WARN_DEPRECATED_OBJC_IMPLEMENTATIONS = YES;
				CLANG_WARN_DIRECT_OBJC_ISA_USAGE = YES_ERROR;
				CLANG_WARN_DOCUMENTATION_COMMENTS = YES;
				CLANG_WARN_EMPTY_BODY = YES;
				CLANG_WARN_ENUM_CONVERSION = YES;
				CLANG_WARN_INFINITE_RECURSION = YES;
				CLANG_WARN_INT_CONVERSION = YES;
				CLANG_WARN_NON_LITERAL_NULL_CONVERSION = YES;
				CLANG_WARN_OBJC_IMPLICIT_RETAIN_SELF = YES;
				CLANG_WARN_OBJC_LITERAL_CONVERSION = YES;
				CLANG_WARN_OBJC_ROOT_CLASS = YES_ERROR;
				CLANG_WARN_QUOTED_INCLUDE_IN_FRAMEWORK_HEADER = YES;
				CLANG_WARN_RANGE_LOOP_ANALYSIS = YES;
				CLANG_WARN_STRICT_PROTOTYPES = YES;
				CLANG_WARN_SUSPICIOUS_MOVE = YES;
				CLANG_WARN_UNGUARDED_AVAILABILITY = YES_AGGRESSIVE;
				CLANG_WARN_UNREACHABLE_CODE = YES;
				CLANG_WARN__DUPLICATE_METHOD_MATCH = YES;
				COPY_PHASE_STRIP = NO;
				DEBUG_INFORMATION_FORMAT = "dwarf-with-dsym";
				ENABLE_NS_ASSERTIONS = NO;
				ENABLE_STRICT_OBJC_MSGSEND = YES;
				GCC_C_LANGUAGE_STANDARD = gnu11;
				GCC_NO_COMMON_BLOCKS = YES;
				GCC_WARN_64_TO_32_BIT_CONVERSION = YES;
				GCC_WARN_ABOUT_RETURN_TYPE = YES_ERROR;
				GCC_WARN_UNDECLARED_SELECTOR = YES;
				GCC_WARN_UNINITIALIZED_AUTOS = YES_AGGRESSIVE;
				GCC_WARN_UNUSED_FUNCTION = YES;
				GCC_WARN_UNUSED_VARIABLE = YES;
				IPHONEOS_DEPLOYMENT_TARGET = 16.4;
				MTL_ENABLE_DEBUG_INFO = NO;
				MTL_FAST_MATH = YES;
				SDKROOT = iphoneos;
				SWIFT_COMPILATION_MODE = wholemodule;
				SWIFT_OPTIMIZATION_LEVEL = "-O";
				VALIDATE_PRODUCT = YES;
			};
			name = Release;
		};
		69921E8C2A2C4AD1001515C6 /* Debug */ = {
			isa = XCBuildConfiguration;
			buildSettings = {
				ASSETCATALOG_COMPILER_APPICON_NAME = AppIcon;
				ASSETCATALOG_COMPILER_GLOBAL_ACCENT_COLOR_NAME = AccentColor;
				CODE_SIGN_STYLE = Automatic;
				CURRENT_PROJECT_VERSION = 1;
				DEVELOPMENT_TEAM = 6NMWZ48XL4;
				GENERATE_INFOPLIST_FILE = YES;
				INFOPLIST_FILE = TableViewStudy/Info.plist;
				INFOPLIST_KEY_UIApplicationSupportsIndirectInputEvents = YES;
				INFOPLIST_KEY_UILaunchStoryboardName = LaunchScreen;
				INFOPLIST_KEY_UIMainStoryboardFile = Main;
				INFOPLIST_KEY_UISupportedInterfaceOrientations_iPad = "UIInterfaceOrientationPortrait UIInterfaceOrientationPortraitUpsideDown UIInterfaceOrientationLandscapeLeft UIInterfaceOrientationLandscapeRight";
				INFOPLIST_KEY_UISupportedInterfaceOrientations_iPhone = "UIInterfaceOrientationPortrait UIInterfaceOrientationLandscapeLeft UIInterfaceOrientationLandscapeRight";
				LD_RUNPATH_SEARCH_PATHS = (
					"$(inherited)",
					"@executable_path/Frameworks",
				);
				MARKETING_VERSION = 1.0;
				PRODUCT_BUNDLE_IDENTIFIER = com.sako.TableViewStudy;
				PRODUCT_NAME = "$(TARGET_NAME)";
				SWIFT_EMIT_LOC_STRINGS = YES;
				SWIFT_VERSION = 5.0;
				TARGETED_DEVICE_FAMILY = "1,2";
			};
			name = Debug;
		};
		69921E8D2A2C4AD1001515C6 /* Release */ = {
			isa = XCBuildConfiguration;
			buildSettings = {
				ASSETCATALOG_COMPILER_APPICON_NAME = AppIcon;
				ASSETCATALOG_COMPILER_GLOBAL_ACCENT_COLOR_NAME = AccentColor;
				CODE_SIGN_STYLE = Automatic;
				CURRENT_PROJECT_VERSION = 1;
				DEVELOPMENT_TEAM = 6NMWZ48XL4;
				GENERATE_INFOPLIST_FILE = YES;
				INFOPLIST_FILE = TableViewStudy/Info.plist;
				INFOPLIST_KEY_UIApplicationSupportsIndirectInputEvents = YES;
				INFOPLIST_KEY_UILaunchStoryboardName = LaunchScreen;
				INFOPLIST_KEY_UIMainStoryboardFile = Main;
				INFOPLIST_KEY_UISupportedInterfaceOrientations_iPad = "UIInterfaceOrientationPortrait UIInterfaceOrientationPortraitUpsideDown UIInterfaceOrientationLandscapeLeft UIInterfaceOrientationLandscapeRight";
				INFOPLIST_KEY_UISupportedInterfaceOrientations_iPhone = "UIInterfaceOrientationPortrait UIInterfaceOrientationLandscapeLeft UIInterfaceOrientationLandscapeRight";
				LD_RUNPATH_SEARCH_PATHS = (
					"$(inherited)",
					"@executable_path/Frameworks",
				);
				MARKETING_VERSION = 1.0;
				PRODUCT_BUNDLE_IDENTIFIER = com.sako.TableViewStudy;
				PRODUCT_NAME = "$(TARGET_NAME)";
				SWIFT_EMIT_LOC_STRINGS = YES;
				SWIFT_VERSION = 5.0;
				TARGETED_DEVICE_FAMILY = "1,2";
			};
			name = Release;
		};
		69921E8F2A2C4AD1001515C6 /* Debug */ = {
			isa = XCBuildConfiguration;
			buildSettings = {
				ALWAYS_EMBED_SWIFT_STANDARD_LIBRARIES = YES;
				BUNDLE_LOADER = "$(TEST_HOST)";
				CODE_SIGN_STYLE = Automatic;
				CURRENT_PROJECT_VERSION = 1;
				DEVELOPMENT_TEAM = 6NMWZ48XL4;
				GENERATE_INFOPLIST_FILE = YES;
				IPHONEOS_DEPLOYMENT_TARGET = 16.4;
				MARKETING_VERSION = 1.0;
				PRODUCT_BUNDLE_IDENTIFIER = com.sako.TableViewStudyTests;
				PRODUCT_NAME = "$(TARGET_NAME)";
				SWIFT_EMIT_LOC_STRINGS = NO;
				SWIFT_VERSION = 5.0;
				TARGETED_DEVICE_FAMILY = "1,2";
				TEST_HOST = "$(BUILT_PRODUCTS_DIR)/TableViewStudy.app/$(BUNDLE_EXECUTABLE_FOLDER_PATH)/TableViewStudy";
			};
			name = Debug;
		};
		69921E902A2C4AD1001515C6 /* Release */ = {
			isa = XCBuildConfiguration;
			buildSettings = {
				ALWAYS_EMBED_SWIFT_STANDARD_LIBRARIES = YES;
				BUNDLE_LOADER = "$(TEST_HOST)";
				CODE_SIGN_STYLE = Automatic;
				CURRENT_PROJECT_VERSION = 1;
				DEVELOPMENT_TEAM = 6NMWZ48XL4;
				GENERATE_INFOPLIST_FILE = YES;
				IPHONEOS_DEPLOYMENT_TARGET = 16.4;
				MARKETING_VERSION = 1.0;
				PRODUCT_BUNDLE_IDENTIFIER = com.sako.TableViewStudyTests;
				PRODUCT_NAME = "$(TARGET_NAME)";
				SWIFT_EMIT_LOC_STRINGS = NO;
				SWIFT_VERSION = 5.0;
				TARGETED_DEVICE_FAMILY = "1,2";
				TEST_HOST = "$(BUILT_PRODUCTS_DIR)/TableViewStudy.app/$(BUNDLE_EXECUTABLE_FOLDER_PATH)/TableViewStudy";
			};
			name = Release;
		};
		69921E922A2C4AD1001515C6 /* Debug */ = {
			isa = XCBuildConfiguration;
			buildSettings = {
				ALWAYS_EMBED_SWIFT_STANDARD_LIBRARIES = YES;
				CODE_SIGN_STYLE = Automatic;
				CURRENT_PROJECT_VERSION = 1;
				DEVELOPMENT_TEAM = 6NMWZ48XL4;
				GENERATE_INFOPLIST_FILE = YES;
				MARKETING_VERSION = 1.0;
				PRODUCT_BUNDLE_IDENTIFIER = com.sako.TableViewStudyUITests;
				PRODUCT_NAME = "$(TARGET_NAME)";
				SWIFT_EMIT_LOC_STRINGS = NO;
				SWIFT_VERSION = 5.0;
				TARGETED_DEVICE_FAMILY = "1,2";
				TEST_TARGET_NAME = TableViewStudy;
			};
			name = Debug;
		};
		69921E932A2C4AD1001515C6 /* Release */ = {
			isa = XCBuildConfiguration;
			buildSettings = {
				ALWAYS_EMBED_SWIFT_STANDARD_LIBRARIES = YES;
				CODE_SIGN_STYLE = Automatic;
				CURRENT_PROJECT_VERSION = 1;
				DEVELOPMENT_TEAM = 6NMWZ48XL4;
				GENERATE_INFOPLIST_FILE = YES;
				MARKETING_VERSION = 1.0;
				PRODUCT_BUNDLE_IDENTIFIER = com.sako.TableViewStudyUITests;
				PRODUCT_NAME = "$(TARGET_NAME)";
				SWIFT_EMIT_LOC_STRINGS = NO;
				SWIFT_VERSION = 5.0;
				TARGETED_DEVICE_FAMILY = "1,2";
				TEST_TARGET_NAME = TableViewStudy;
			};
			name = Release;
		};
/* End XCBuildConfiguration section */

/* Begin XCConfigurationList section */
		69921E5C2A2C4ACF001515C6 /* Build configuration list for PBXProject "TableViewStudy" */ = {
			isa = XCConfigurationList;
			buildConfigurations = (
				69921E892A2C4AD1001515C6 /* Debug */,
				69921E8A2A2C4AD1001515C6 /* Release */,
			);
			defaultConfigurationIsVisible = 0;
			defaultConfigurationName = Release;
		};
		69921E8B2A2C4AD1001515C6 /* Build configuration list for PBXNativeTarget "TableViewStudy" */ = {
			isa = XCConfigurationList;
			buildConfigurations = (
				69921E8C2A2C4AD1001515C6 /* Debug */,
				69921E8D2A2C4AD1001515C6 /* Release */,
			);
			defaultConfigurationIsVisible = 0;
			defaultConfigurationName = Release;
		};
		69921E8E2A2C4AD1001515C6 /* Build configuration list for PBXNativeTarget "TableViewStudyTests" */ = {
			isa = XCConfigurationList;
			buildConfigurations = (
				69921E8F2A2C4AD1001515C6 /* Debug */,
				69921E902A2C4AD1001515C6 /* Release */,
			);
			defaultConfigurationIsVisible = 0;
			defaultConfigurationName = Release;
		};
		69921E912A2C4AD1001515C6 /* Build configuration list for PBXNativeTarget "TableViewStudyUITests" */ = {
			isa = XCConfigurationList;
			buildConfigurations = (
				69921E922A2C4AD1001515C6 /* Debug */,
				69921E932A2C4AD1001515C6 /* Release */,
			);
			defaultConfigurationIsVisible = 0;
			defaultConfigurationName = Release;
		};
/* End XCConfigurationList section */
	};
	rootObject = 69921E592A2C4ACF001515C6 /* Project object */;
}
